// !$*UTF8*$!
{
	archiveVersion = 1;
	classes = {
	};
	objectVersion = 51;
	objects = {

/* Begin PBXBuildFile section */
		115C69DC2543636E002D1AD2 /* CameraViewController.swift in Sources */ = {isa = PBXBuildFile; fileRef = 115C69DB2543636E002D1AD2 /* CameraViewController.swift */; };
		11A706B82543586700CDD254 /* AppDelegate.swift in Sources */ = {isa = PBXBuildFile; fileRef = 11A706B72543586700CDD254 /* AppDelegate.swift */; };
		11A706BA2543586700CDD254 /* SceneDelegate.swift in Sources */ = {isa = PBXBuildFile; fileRef = 11A706B92543586700CDD254 /* SceneDelegate.swift */; };
		11A706BF2543586700CDD254 /* Main.storyboard in Resources */ = {isa = PBXBuildFile; fileRef = 11A706BD2543586700CDD254 /* Main.storyboard */; };
		11A706C12543586800CDD254 /* Assets.xcassets in Resources */ = {isa = PBXBuildFile; fileRef = 11A706C02543586800CDD254 /* Assets.xcassets */; };
		11A706C42543586800CDD254 /* LaunchScreen.storyboard in Resources */ = {isa = PBXBuildFile; fileRef = 11A706C22543586800CDD254 /* LaunchScreen.storyboard */; };
		11A706CF2543586800CDD254 /* ParstagramTests.swift in Sources */ = {isa = PBXBuildFile; fileRef = 11A706CE2543586800CDD254 /* ParstagramTests.swift */; };
		11A706DA2543586800CDD254 /* ParstagramUITests.swift in Sources */ = {isa = PBXBuildFile; fileRef = 11A706D92543586800CDD254 /* ParstagramUITests.swift */; };
		11A706E82543590D00CDD254 /* LoginViewController.swift in Sources */ = {isa = PBXBuildFile; fileRef = 11A706E72543590D00CDD254 /* LoginViewController.swift */; };
		11A706EA2543592600CDD254 /* FeedViewController.swift in Sources */ = {isa = PBXBuildFile; fileRef = 11A706E92543592600CDD254 /* FeedViewController.swift */; };
		11F20F4D254C9F4A00013BBD /* CommentCell.swift in Sources */ = {isa = PBXBuildFile; fileRef = 11F20F4C254C9F4A00013BBD /* CommentCell.swift */; };
		11FB67A125436D8800D9247E /* PostCell.swift in Sources */ = {isa = PBXBuildFile; fileRef = 11FB67A025436D8800D9247E /* PostCell.swift */; };
		1EA225781772B437CCE305F5 /* Pods_ParstagramTests.framework in Frameworks */ = {isa = PBXBuildFile; fileRef = C8A2D11A8027DCF08A0C954A /* Pods_ParstagramTests.framework */; };
		B85C8C131904AFF058B6D929 /* Pods_Parstagram.framework in Frameworks */ = {isa = PBXBuildFile; fileRef = 35F239CCA25E65CEBF6A24B0 /* Pods_Parstagram.framework */; };
		E0C90703510AF59970DD141D /* Pods_Parstagram_ParstagramUITests.framework in Frameworks */ = {isa = PBXBuildFile; fileRef = BBEF2EEB50D669906B80EF78 /* Pods_Parstagram_ParstagramUITests.framework */; };
/* End PBXBuildFile section */

/* Begin PBXContainerItemProxy section */
		11A706CB2543586800CDD254 /* PBXContainerItemProxy */ = {
			isa = PBXContainerItemProxy;
			containerPortal = 11A706AC2543586700CDD254 /* Project object */;
			proxyType = 1;
			remoteGlobalIDString = 11A706B32543586700CDD254;
			remoteInfo = Parstagram;
		};
		11A706D62543586800CDD254 /* PBXContainerItemProxy */ = {
			isa = PBXContainerItemProxy;
			containerPortal = 11A706AC2543586700CDD254 /* Project object */;
			proxyType = 1;
			remoteGlobalIDString = 11A706B32543586700CDD254;
			remoteInfo = Parstagram;
		};
/* End PBXContainerItemProxy section */

/* Begin PBXFileReference section */
		115C69DB2543636E002D1AD2 /* CameraViewController.swift */ = {isa = PBXFileReference; lastKnownFileType = sourcecode.swift; path = CameraViewController.swift; sourceTree = "<group>"; };
		11A706B42543586700CDD254 /* Parstagram.app */ = {isa = PBXFileReference; explicitFileType = wrapper.application; includeInIndex = 0; path = Parstagram.app; sourceTree = BUILT_PRODUCTS_DIR; };
		11A706B72543586700CDD254 /* AppDelegate.swift */ = {isa = PBXFileReference; lastKnownFileType = sourcecode.swift; path = AppDelegate.swift; sourceTree = "<group>"; };
		11A706B92543586700CDD254 /* SceneDelegate.swift */ = {isa = PBXFileReference; lastKnownFileType = sourcecode.swift; path = SceneDelegate.swift; sourceTree = "<group>"; };
		11A706BE2543586700CDD254 /* Base */ = {isa = PBXFileReference; lastKnownFileType = file.storyboard; name = Base; path = Base.lproj/Main.storyboard; sourceTree = "<group>"; };
		11A706C02543586800CDD254 /* Assets.xcassets */ = {isa = PBXFileReference; lastKnownFileType = folder.assetcatalog; path = Assets.xcassets; sourceTree = "<group>"; };
		11A706C32543586800CDD254 /* Base */ = {isa = PBXFileReference; lastKnownFileType = file.storyboard; name = Base; path = Base.lproj/LaunchScreen.storyboard; sourceTree = "<group>"; };
		11A706C52543586800CDD254 /* Info.plist */ = {isa = PBXFileReference; lastKnownFileType = text.plist.xml; path = Info.plist; sourceTree = "<group>"; };
		11A706CA2543586800CDD254 /* ParstagramTests.xctest */ = {isa = PBXFileReference; explicitFileType = wrapper.cfbundle; includeInIndex = 0; path = ParstagramTests.xctest; sourceTree = BUILT_PRODUCTS_DIR; };
		11A706CE2543586800CDD254 /* ParstagramTests.swift */ = {isa = PBXFileReference; lastKnownFileType = sourcecode.swift; path = ParstagramTests.swift; sourceTree = "<group>"; };
		11A706D02543586800CDD254 /* Info.plist */ = {isa = PBXFileReference; lastKnownFileType = text.plist.xml; path = Info.plist; sourceTree = "<group>"; };
		11A706D52543586800CDD254 /* ParstagramUITests.xctest */ = {isa = PBXFileReference; explicitFileType = wrapper.cfbundle; includeInIndex = 0; path = ParstagramUITests.xctest; sourceTree = BUILT_PRODUCTS_DIR; };
		11A706D92543586800CDD254 /* ParstagramUITests.swift */ = {isa = PBXFileReference; lastKnownFileType = sourcecode.swift; path = ParstagramUITests.swift; sourceTree = "<group>"; };
		11A706DB2543586800CDD254 /* Info.plist */ = {isa = PBXFileReference; lastKnownFileType = text.plist.xml; path = Info.plist; sourceTree = "<group>"; };
		11A706E72543590D00CDD254 /* LoginViewController.swift */ = {isa = PBXFileReference; lastKnownFileType = sourcecode.swift; path = LoginViewController.swift; sourceTree = "<group>"; };
		11A706E92543592600CDD254 /* FeedViewController.swift */ = {isa = PBXFileReference; lastKnownFileType = sourcecode.swift; path = FeedViewController.swift; sourceTree = "<group>"; };
		11F20F4C254C9F4A00013BBD /* CommentCell.swift */ = {isa = PBXFileReference; lastKnownFileType = sourcecode.swift; path = CommentCell.swift; sourceTree = "<group>"; };
		11FB67A025436D8800D9247E /* PostCell.swift */ = {isa = PBXFileReference; lastKnownFileType = sourcecode.swift; path = PostCell.swift; sourceTree = "<group>"; };
		1478805069886897C25C0E65 /* Pods-Parstagram-ParstagramUITests.release.xcconfig */ = {isa = PBXFileReference; includeInIndex = 1; lastKnownFileType = text.xcconfig; name = "Pods-Parstagram-ParstagramUITests.release.xcconfig"; path = "Target Support Files/Pods-Parstagram-ParstagramUITests/Pods-Parstagram-ParstagramUITests.release.xcconfig"; sourceTree = "<group>"; };
		35F239CCA25E65CEBF6A24B0 /* Pods_Parstagram.framework */ = {isa = PBXFileReference; explicitFileType = wrapper.framework; includeInIndex = 0; path = Pods_Parstagram.framework; sourceTree = BUILT_PRODUCTS_DIR; };
		8B1CDF7D0485DA1B349D0D8D /* Pods-Parstagram-ParstagramUITests.debug.xcconfig */ = {isa = PBXFileReference; includeInIndex = 1; lastKnownFileType = text.xcconfig; name = "Pods-Parstagram-ParstagramUITests.debug.xcconfig"; path = "Target Support Files/Pods-Parstagram-ParstagramUITests/Pods-Parstagram-ParstagramUITests.debug.xcconfig"; sourceTree = "<group>"; };
		A394524A096174A2C3729984 /* Pods-Parstagram.debug.xcconfig */ = {isa = PBXFileReference; includeInIndex = 1; lastKnownFileType = text.xcconfig; name = "Pods-Parstagram.debug.xcconfig"; path = "Target Support Files/Pods-Parstagram/Pods-Parstagram.debug.xcconfig"; sourceTree = "<group>"; };
		B263208D3E3B678971493584 /* Pods-ParstagramTests.debug.xcconfig */ = {isa = PBXFileReference; includeInIndex = 1; lastKnownFileType = text.xcconfig; name = "Pods-ParstagramTests.debug.xcconfig"; path = "Target Support Files/Pods-ParstagramTests/Pods-ParstagramTests.debug.xcconfig"; sourceTree = "<group>"; };
		BBEF2EEB50D669906B80EF78 /* Pods_Parstagram_ParstagramUITests.framework */ = {isa = PBXFileReference; explicitFileType = wrapper.framework; includeInIndex = 0; path = Pods_Parstagram_ParstagramUITests.framework; sourceTree = BUILT_PRODUCTS_DIR; };
		C8A2D11A8027DCF08A0C954A /* Pods_ParstagramTests.framework */ = {isa = PBXFileReference; explicitFileType = wrapper.framework; includeInIndex = 0; path = Pods_ParstagramTests.framework; sourceTree = BUILT_PRODUCTS_DIR; };
		D24B6706314B9F1D21EAFA7D /* Pods-Parstagram.release.xcconfig */ = {isa = PBXFileReference; includeInIndex = 1; lastKnownFileType = text.xcconfig; name = "Pods-Parstagram.release.xcconfig"; path = "Target Support Files/Pods-Parstagram/Pods-Parstagram.release.xcconfig"; sourceTree = "<group>"; };
		D2BA7AA345B6FBE33A181160 /* Pods-ParstagramTests.release.xcconfig */ = {isa = PBXFileReference; includeInIndex = 1; lastKnownFileType = text.xcconfig; name = "Pods-ParstagramTests.release.xcconfig"; path = "Target Support Files/Pods-ParstagramTests/Pods-ParstagramTests.release.xcconfig"; sourceTree = "<group>"; };
/* End PBXFileReference section */

/* Begin PBXFrameworksBuildPhase section */
		11A706B12543586700CDD254 /* Frameworks */ = {
			isa = PBXFrameworksBuildPhase;
			buildActionMask = 2147483647;
			files = (
				B85C8C131904AFF058B6D929 /* Pods_Parstagram.framework in Frameworks */,
			);
			runOnlyForDeploymentPostprocessing = 0;
		};
		11A706C72543586800CDD254 /* Frameworks */ = {
			isa = PBXFrameworksBuildPhase;
			buildActionMask = 2147483647;
			files = (
				1EA225781772B437CCE305F5 /* Pods_ParstagramTests.framework in Frameworks */,
			);
			runOnlyForDeploymentPostprocessing = 0;
		};
		11A706D22543586800CDD254 /* Frameworks */ = {
			isa = PBXFrameworksBuildPhase;
			buildActionMask = 2147483647;
			files = (
				E0C90703510AF59970DD141D /* Pods_Parstagram_ParstagramUITests.framework in Frameworks */,
			);
			runOnlyForDeploymentPostprocessing = 0;
		};
/* End PBXFrameworksBuildPhase section */

/* Begin PBXGroup section */
		107324B05194FA72CAAE241B /* Pods */ = {
			isa = PBXGroup;
			children = (
				A394524A096174A2C3729984 /* Pods-Parstagram.debug.xcconfig */,
				D24B6706314B9F1D21EAFA7D /* Pods-Parstagram.release.xcconfig */,
				8B1CDF7D0485DA1B349D0D8D /* Pods-Parstagram-ParstagramUITests.debug.xcconfig */,
				1478805069886897C25C0E65 /* Pods-Parstagram-ParstagramUITests.release.xcconfig */,
				B263208D3E3B678971493584 /* Pods-ParstagramTests.debug.xcconfig */,
				D2BA7AA345B6FBE33A181160 /* Pods-ParstagramTests.release.xcconfig */,
			);
			path = Pods;
			sourceTree = "<group>";
		};
		11A706AB2543586700CDD254 = {
			isa = PBXGroup;
			children = (
				11A706B62543586700CDD254 /* Parstagram */,
				11A706CD2543586800CDD254 /* ParstagramTests */,
				11A706D82543586800CDD254 /* ParstagramUITests */,
				11A706B52543586700CDD254 /* Products */,
				107324B05194FA72CAAE241B /* Pods */,
				E30D991F4147F1AA0873FC30 /* Frameworks */,
			);
			sourceTree = "<group>";
		};
		11A706B52543586700CDD254 /* Products */ = {
			isa = PBXGroup;
			children = (
				11A706B42543586700CDD254 /* Parstagram.app */,
				11A706CA2543586800CDD254 /* ParstagramTests.xctest */,
				11A706D52543586800CDD254 /* ParstagramUITests.xctest */,
			);
			name = Products;
			sourceTree = "<group>";
		};
		11A706B62543586700CDD254 /* Parstagram */ = {
			isa = PBXGroup;
			children = (
				11A706B72543586700CDD254 /* AppDelegate.swift */,
				11A706B92543586700CDD254 /* SceneDelegate.swift */,
				11A706BD2543586700CDD254 /* Main.storyboard */,
				11A706C02543586800CDD254 /* Assets.xcassets */,
				11A706C22543586800CDD254 /* LaunchScreen.storyboard */,
				11A706C52543586800CDD254 /* Info.plist */,
				11A706E72543590D00CDD254 /* LoginViewController.swift */,
				11A706E92543592600CDD254 /* FeedViewController.swift */,
				115C69DB2543636E002D1AD2 /* CameraViewController.swift */,
				11FB67A025436D8800D9247E /* PostCell.swift */,
				11F20F4C254C9F4A00013BBD /* CommentCell.swift */,
			);
			path = Parstagram;
			sourceTree = "<group>";
		};
		11A706CD2543586800CDD254 /* ParstagramTests */ = {
			isa = PBXGroup;
			children = (
				11A706CE2543586800CDD254 /* ParstagramTests.swift */,
				11A706D02543586800CDD254 /* Info.plist */,
			);
			path = ParstagramTests;
			sourceTree = "<group>";
		};
		11A706D82543586800CDD254 /* ParstagramUITests */ = {
			isa = PBXGroup;
			children = (
				11A706D92543586800CDD254 /* ParstagramUITests.swift */,
				11A706DB2543586800CDD254 /* Info.plist */,
			);
			path = ParstagramUITests;
			sourceTree = "<group>";
		};
		E30D991F4147F1AA0873FC30 /* Frameworks */ = {
			isa = PBXGroup;
			children = (
				35F239CCA25E65CEBF6A24B0 /* Pods_Parstagram.framework */,
				BBEF2EEB50D669906B80EF78 /* Pods_Parstagram_ParstagramUITests.framework */,
				C8A2D11A8027DCF08A0C954A /* Pods_ParstagramTests.framework */,
			);
			name = Frameworks;
			sourceTree = "<group>";
		};
/* End PBXGroup section */

/* Begin PBXNativeTarget section */
		11A706B32543586700CDD254 /* Parstagram */ = {
			isa = PBXNativeTarget;
			buildConfigurationList = 11A706DE2543586800CDD254 /* Build configuration list for PBXNativeTarget "Parstagram" */;
			buildPhases = (
				8AAAFC69F6C1BF6065FF1D97 /* [CP] Check Pods Manifest.lock */,
				11A706B02543586700CDD254 /* Sources */,
				11A706B12543586700CDD254 /* Frameworks */,
				11A706B22543586700CDD254 /* Resources */,
				B83F9F227C636A372742C098 /* [CP] Embed Pods Frameworks */,
			);
			buildRules = (
			);
			dependencies = (
			);
			name = Parstagram;
			productName = Parstagram;
			productReference = 11A706B42543586700CDD254 /* Parstagram.app */;
			productType = "com.apple.product-type.application";
		};
		11A706C92543586800CDD254 /* ParstagramTests */ = {
			isa = PBXNativeTarget;
			buildConfigurationList = 11A706E12543586800CDD254 /* Build configuration list for PBXNativeTarget "ParstagramTests" */;
			buildPhases = (
				FB6E4A2BBDC9D73A6D735B63 /* [CP] Check Pods Manifest.lock */,
				11A706C62543586800CDD254 /* Sources */,
				11A706C72543586800CDD254 /* Frameworks */,
				11A706C82543586800CDD254 /* Resources */,
			);
			buildRules = (
			);
			dependencies = (
				11A706CC2543586800CDD254 /* PBXTargetDependency */,
			);
			name = ParstagramTests;
			productName = ParstagramTests;
			productReference = 11A706CA2543586800CDD254 /* ParstagramTests.xctest */;
			productType = "com.apple.product-type.bundle.unit-test";
		};
		11A706D42543586800CDD254 /* ParstagramUITests */ = {
			isa = PBXNativeTarget;
			buildConfigurationList = 11A706E42543586800CDD254 /* Build configuration list for PBXNativeTarget "ParstagramUITests" */;
			buildPhases = (
				9F4CE55B5F8D11CDD986EC8C /* [CP] Check Pods Manifest.lock */,
				11A706D12543586800CDD254 /* Sources */,
				11A706D22543586800CDD254 /* Frameworks */,
				11A706D32543586800CDD254 /* Resources */,
				CD826D6DFDB67D6FBC7332EC /* [CP] Embed Pods Frameworks */,
			);
			buildRules = (
			);
			dependencies = (
				11A706D72543586800CDD254 /* PBXTargetDependency */,
			);
			name = ParstagramUITests;
			productName = ParstagramUITests;
			productReference = 11A706D52543586800CDD254 /* ParstagramUITests.xctest */;
			productType = "com.apple.product-type.bundle.ui-testing";
		};
/* End PBXNativeTarget section */

/* Begin PBXProject section */
		11A706AC2543586700CDD254 /* Project object */ = {
			isa = PBXProject;
			attributes = {
				LastSwiftUpdateCheck = 1200;
				LastUpgradeCheck = 1200;
				TargetAttributes = {
					11A706B32543586700CDD254 = {
						CreatedOnToolsVersion = 12.0;
					};
					11A706C92543586800CDD254 = {
						CreatedOnToolsVersion = 12.0;
						TestTargetID = 11A706B32543586700CDD254;
					};
					11A706D42543586800CDD254 = {
						CreatedOnToolsVersion = 12.0;
						TestTargetID = 11A706B32543586700CDD254;
					};
				};
			};
			buildConfigurationList = 11A706AF2543586700CDD254 /* Build configuration list for PBXProject "Parstagram" */;
			compatibilityVersion = "Xcode 9.3";
			developmentRegion = en;
			hasScannedForEncodings = 0;
			knownRegions = (
				en,
				Base,
			);
			mainGroup = 11A706AB2543586700CDD254;
			productRefGroup = 11A706B52543586700CDD254 /* Products */;
			projectDirPath = "";
			projectRoot = "";
			targets = (
				11A706B32543586700CDD254 /* Parstagram */,
				11A706C92543586800CDD254 /* ParstagramTests */,
				11A706D42543586800CDD254 /* ParstagramUITests */,
			);
		};
/* End PBXProject section */

/* Begin PBXResourcesBuildPhase section */
		11A706B22543586700CDD254 /* Resources */ = {
			isa = PBXResourcesBuildPhase;
			buildActionMask = 2147483647;
			files = (
				11A706C42543586800CDD254 /* LaunchScreen.storyboard in Resources */,
				11A706C12543586800CDD254 /* Assets.xcassets in Resources */,
				11A706BF2543586700CDD254 /* Main.storyboard in Resources */,
			);
			runOnlyForDeploymentPostprocessing = 0;
		};
		11A706C82543586800CDD254 /* Resources */ = {
			isa = PBXResourcesBuildPhase;
			buildActionMask = 2147483647;
			files = (
			);
			runOnlyForDeploymentPostprocessing = 0;
		};
		11A706D32543586800CDD254 /* Resources */ = {
			isa = PBXResourcesBuildPhase;
			buildActionMask = 2147483647;
			files = (
			);
			runOnlyForDeploymentPostprocessing = 0;
		};
/* End PBXResourcesBuildPhase section */

/* Begin PBXShellScriptBuildPhase section */
		8AAAFC69F6C1BF6065FF1D97 /* [CP] Check Pods Manifest.lock */ = {
			isa = PBXShellScriptBuildPhase;
			buildActionMask = 2147483647;
			files = (
			);
			inputFileListPaths = (
			);
			inputPaths = (
				"${PODS_PODFILE_DIR_PATH}/Podfile.lock",
				"${PODS_ROOT}/Manifest.lock",
			);
			name = "[CP] Check Pods Manifest.lock";
			outputFileListPaths = (
			);
			outputPaths = (
				"$(DERIVED_FILE_DIR)/Pods-Parstagram-checkManifestLockResult.txt",
			);
			runOnlyForDeploymentPostprocessing = 0;
			shellPath = /bin/sh;
			shellScript = "diff \"${PODS_PODFILE_DIR_PATH}/Podfile.lock\" \"${PODS_ROOT}/Manifest.lock\" > /dev/null\nif [ $? != 0 ] ; then\n    # print error to STDERR\n    echo \"error: The sandbox is not in sync with the Podfile.lock. Run 'pod install' or update your CocoaPods installation.\" >&2\n    exit 1\nfi\n# This output is used by Xcode 'outputs' to avoid re-running this script phase.\necho \"SUCCESS\" > \"${SCRIPT_OUTPUT_FILE_0}\"\n";
			showEnvVarsInLog = 0;
		};
		9F4CE55B5F8D11CDD986EC8C /* [CP] Check Pods Manifest.lock */ = {
			isa = PBXShellScriptBuildPhase;
			buildActionMask = 2147483647;
			files = (
			);
			inputFileListPaths = (
			);
			inputPaths = (
				"${PODS_PODFILE_DIR_PATH}/Podfile.lock",
				"${PODS_ROOT}/Manifest.lock",
			);
			name = "[CP] Check Pods Manifest.lock";
			outputFileListPaths = (
			);
			outputPaths = (
				"$(DERIVED_FILE_DIR)/Pods-Parstagram-ParstagramUITests-checkManifestLockResult.txt",
			);
			runOnlyForDeploymentPostprocessing = 0;
			shellPath = /bin/sh;
			shellScript = "diff \"${PODS_PODFILE_DIR_PATH}/Podfile.lock\" \"${PODS_ROOT}/Manifest.lock\" > /dev/null\nif [ $? != 0 ] ; then\n    # print error to STDERR\n    echo \"error: The sandbox is not in sync with the Podfile.lock. Run 'pod install' or update your CocoaPods installation.\" >&2\n    exit 1\nfi\n# This output is used by Xcode 'outputs' to avoid re-running this script phase.\necho \"SUCCESS\" > \"${SCRIPT_OUTPUT_FILE_0}\"\n";
			showEnvVarsInLog = 0;
		};
		B83F9F227C636A372742C098 /* [CP] Embed Pods Frameworks */ = {
			isa = PBXShellScriptBuildPhase;
			buildActionMask = 2147483647;
			files = (
			);
			inputFileListPaths = (
				"${PODS_ROOT}/Target Support Files/Pods-Parstagram/Pods-Parstagram-frameworks-${CONFIGURATION}-input-files.xcfilelist",
			);
			name = "[CP] Embed Pods Frameworks";
			outputFileListPaths = (
				"${PODS_ROOT}/Target Support Files/Pods-Parstagram/Pods-Parstagram-frameworks-${CONFIGURATION}-output-files.xcfilelist",
			);
			runOnlyForDeploymentPostprocessing = 0;
			shellPath = /bin/sh;
			shellScript = "\"${PODS_ROOT}/Target Support Files/Pods-Parstagram/Pods-Parstagram-frameworks.sh\"\n";
			showEnvVarsInLog = 0;
		};
		CD826D6DFDB67D6FBC7332EC /* [CP] Embed Pods Frameworks */ = {
			isa = PBXShellScriptBuildPhase;
			buildActionMask = 2147483647;
			files = (
			);
			inputFileListPaths = (
				"${PODS_ROOT}/Target Support Files/Pods-Parstagram-ParstagramUITests/Pods-Parstagram-ParstagramUITests-frameworks-${CONFIGURATION}-input-files.xcfilelist",
			);
			name = "[CP] Embed Pods Frameworks";
			outputFileListPaths = (
				"${PODS_ROOT}/Target Support Files/Pods-Parstagram-ParstagramUITests/Pods-Parstagram-ParstagramUITests-frameworks-${CONFIGURATION}-output-files.xcfilelist",
			);
			runOnlyForDeploymentPostprocessing = 0;
			shellPath = /bin/sh;
			shellScript = "\"${PODS_ROOT}/Target Support Files/Pods-Parstagram-ParstagramUITests/Pods-Parstagram-ParstagramUITests-frameworks.sh\"\n";
			showEnvVarsInLog = 0;
		};
		FB6E4A2BBDC9D73A6D735B63 /* [CP] Check Pods Manifest.lock */ = {
			isa = PBXShellScriptBuildPhase;
			buildActionMask = 2147483647;
			files = (
			);
			inputFileListPaths = (
			);
			inputPaths = (
				"${PODS_PODFILE_DIR_PATH}/Podfile.lock",
				"${PODS_ROOT}/Manifest.lock",
			);
			name = "[CP] Check Pods Manifest.lock";
			outputFileListPaths = (
			);
			outputPaths = (
				"$(DERIVED_FILE_DIR)/Pods-ParstagramTests-checkManifestLockResult.txt",
			);
			runOnlyForDeploymentPostprocessing = 0;
			shellPath = /bin/sh;
			shellScript = "diff \"${PODS_PODFILE_DIR_PATH}/Podfile.lock\" \"${PODS_ROOT}/Manifest.lock\" > /dev/null\nif [ $? != 0 ] ; then\n    # print error to STDERR\n    echo \"error: The sandbox is not in sync with the Podfile.lock. Run 'pod install' or update your CocoaPods installation.\" >&2\n    exit 1\nfi\n# This output is used by Xcode 'outputs' to avoid re-running this script phase.\necho \"SUCCESS\" > \"${SCRIPT_OUTPUT_FILE_0}\"\n";
			showEnvVarsInLog = 0;
		};
/* End PBXShellScriptBuildPhase section */

/* Begin PBXSourcesBuildPhase section */
		11A706B02543586700CDD254 /* Sources */ = {
			isa = PBXSourcesBuildPhase;
			buildActionMask = 2147483647;
			files = (
				11A706E82543590D00CDD254 /* LoginViewController.swift in Sources */,
				115C69DC2543636E002D1AD2 /* CameraViewController.swift in Sources */,
				11A706B82543586700CDD254 /* AppDelegate.swift in Sources */,
				11A706EA2543592600CDD254 /* FeedViewController.swift in Sources */,
				11A706BA2543586700CDD254 /* SceneDelegate.swift in Sources */,
				11FB67A125436D8800D9247E /* PostCell.swift in Sources */,
				11F20F4D254C9F4A00013BBD /* CommentCell.swift in Sources */,
			);
			runOnlyForDeploymentPostprocessing = 0;
		};
		11A706C62543586800CDD254 /* Sources */ = {
			isa = PBXSourcesBuildPhase;
			buildActionMask = 2147483647;
			files = (
				11A706CF2543586800CDD254 /* ParstagramTests.swift in Sources */,
			);
			runOnlyForDeploymentPostprocessing = 0;
		};
		11A706D12543586800CDD254 /* Sources */ = {
			isa = PBXSourcesBuildPhase;
			buildActionMask = 2147483647;
			files = (
				11A706DA2543586800CDD254 /* ParstagramUITests.swift in Sources */,
			);
			runOnlyForDeploymentPostprocessing = 0;
		};
/* End PBXSourcesBuildPhase section */

/* Begin PBXTargetDependency section */
		11A706CC2543586800CDD254 /* PBXTargetDependency */ = {
			isa = PBXTargetDependency;
			target = 11A706B32543586700CDD254 /* Parstagram */;
			targetProxy = 11A706CB2543586800CDD254 /* PBXContainerItemProxy */;
		};
		11A706D72543586800CDD254 /* PBXTargetDependency */ = {
			isa = PBXTargetDependency;
			target = 11A706B32543586700CDD254 /* Parstagram */;
			targetProxy = 11A706D62543586800CDD254 /* PBXContainerItemProxy */;
		};
/* End PBXTargetDependency section */

/* Begin PBXVariantGroup section */
		11A706BD2543586700CDD254 /* Main.storyboard */ = {
			isa = PBXVariantGroup;
			children = (
				11A706BE2543586700CDD254 /* Base */,
			);
			name = Main.storyboard;
			sourceTree = "<group>";
		};
		11A706C22543586800CDD254 /* LaunchScreen.storyboard */ = {
			isa = PBXVariantGroup;
			children = (
				11A706C32543586800CDD254 /* Base */,
			);
			name = LaunchScreen.storyboard;
			sourceTree = "<group>";
		};
/* End PBXVariantGroup section */

/* Begin XCBuildConfiguration section */
		11A706DC2543586800CDD254 /* Debug */ = {
			isa = XCBuildConfiguration;
			buildSettings = {
				ALWAYS_SEARCH_USER_PATHS = NO;
				CLANG_ANALYZER_NONNULL = YES;
				CLANG_ANALYZER_NUMBER_OBJECT_CONVERSION = YES_AGGRESSIVE;
				CLANG_CXX_LANGUAGE_STANDARD = "gnu++14";
				CLANG_CXX_LIBRARY = "libc++";
				CLANG_ENABLE_MODULES = YES;
				CLANG_ENABLE_OBJC_ARC = YES;
				CLANG_ENABLE_OBJC_WEAK = YES;
				CLANG_WARN_BLOCK_CAPTURE_AUTORELEASING = YES;
				CLANG_WARN_BOOL_CONVERSION = YES;
				CLANG_WARN_COMMA = YES;
				CLANG_WARN_CONSTANT_CONVERSION = YES;
				CLANG_WARN_DEPRECATED_OBJC_IMPLEMENTATIONS = YES;
				CLANG_WARN_DIRECT_OBJC_ISA_USAGE = YES_ERROR;
				CLANG_WARN_DOCUMENTATION_COMMENTS = YES;
				CLANG_WARN_EMPTY_BODY = YES;
				CLANG_WARN_ENUM_CONVERSION = YES;
				CLANG_WARN_INFINITE_RECURSION = YES;
				CLANG_WARN_INT_CONVERSION = YES;
				CLANG_WARN_NON_LITERAL_NULL_CONVERSION = YES;
				CLANG_WARN_OBJC_IMPLICIT_RETAIN_SELF = YES;
				CLANG_WARN_OBJC_LITERAL_CONVERSION = YES;
				CLANG_WARN_OBJC_ROOT_CLASS = YES_ERROR;
				CLANG_WARN_QUOTED_INCLUDE_IN_FRAMEWORK_HEADER = YES;
				CLANG_WARN_RANGE_LOOP_ANALYSIS = YES;
				CLANG_WARN_STRICT_PROTOTYPES = YES;
				CLANG_WARN_SUSPICIOUS_MOVE = YES;
				CLANG_WARN_UNGUARDED_AVAILABILITY = YES_AGGRESSIVE;
				CLANG_WARN_UNREACHABLE_CODE = YES;
				CLANG_WARN__DUPLICATE_METHOD_MATCH = YES;
				COPY_PHASE_STRIP = NO;
				DEBUG_INFORMATION_FORMAT = dwarf;
				ENABLE_STRICT_OBJC_MSGSEND = YES;
				ENABLE_TESTABILITY = YES;
				GCC_C_LANGUAGE_STANDARD = gnu11;
				GCC_DYNAMIC_NO_PIC = NO;
				GCC_NO_COMMON_BLOCKS = YES;
				GCC_OPTIMIZATION_LEVEL = 0;
				GCC_PREPROCESSOR_DEFINITIONS = (
					"DEBUG=1",
					"$(inherited)",
				);
				GCC_WARN_64_TO_32_BIT_CONVERSION = YES;
				GCC_WARN_ABOUT_RETURN_TYPE = YES_ERROR;
				GCC_WARN_UNDECLARED_SELECTOR = YES;
				GCC_WARN_UNINITIALIZED_AUTOS = YES_AGGRESSIVE;
				GCC_WARN_UNUSED_FUNCTION = YES;
				GCC_WARN_UNUSED_VARIABLE = YES;
				IPHONEOS_DEPLOYMENT_TARGET = 14.0;
				MTL_ENABLE_DEBUG_INFO = INCLUDE_SOURCE;
				MTL_FAST_MATH = YES;
				ONLY_ACTIVE_ARCH = YES;
				SDKROOT = iphoneos;
				SWIFT_ACTIVE_COMPILATION_CONDITIONS = DEBUG;
				SWIFT_OPTIMIZATION_LEVEL = "-Onone";
			};
			name = Debug;
		};
		11A706DD2543586800CDD254 /* Release */ = {
			isa = XCBuildConfiguration;
			buildSettings = {
				ALWAYS_SEARCH_USER_PATHS = NO;
				CLANG_ANALYZER_NONNULL = YES;
				CLANG_ANALYZER_NUMBER_OBJECT_CONVERSION = YES_AGGRESSIVE;
				CLANG_CXX_LANGUAGE_STANDARD = "gnu++14";
				CLANG_CXX_LIBRARY = "libc++";
				CLANG_ENABLE_MODULES = YES;
				CLANG_ENABLE_OBJC_ARC = YES;
				CLANG_ENABLE_OBJC_WEAK = YES;
				CLANG_WARN_BLOCK_CAPTURE_AUTORELEASING = YES;
				CLANG_WARN_BOOL_CONVERSION = YES;
				CLANG_WARN_COMMA = YES;
				CLANG_WARN_CONSTANT_CONVERSION = YES;
				CLANG_WARN_DEPRECATED_OBJC_IMPLEMENTATIONS = YES;
				CLANG_WARN_DIRECT_OBJC_ISA_USAGE = YES_ERROR;
				CLANG_WARN_DOCUMENTATION_COMMENTS = YES;
				CLANG_WARN_EMPTY_BODY = YES;
				CLANG_WARN_ENUM_CONVERSION = YES;
				CLANG_WARN_INFINITE_RECURSION = YES;
				CLANG_WARN_INT_CONVERSION = YES;
				CLANG_WARN_NON_LITERAL_NULL_CONVERSION = YES;
				CLANG_WARN_OBJC_IMPLICIT_RETAIN_SELF = YES;
				CLANG_WARN_OBJC_LITERAL_CONVERSION = YES;
				CLANG_WARN_OBJC_ROOT_CLASS = YES_ERROR;
				CLANG_WARN_QUOTED_INCLUDE_IN_FRAMEWORK_HEADER = YES;
				CLANG_WARN_RANGE_LOOP_ANALYSIS = YES;
				CLANG_WARN_STRICT_PROTOTYPES = YES;
				CLANG_WARN_SUSPICIOUS_MOVE = YES;
				CLANG_WARN_UNGUARDED_AVAILABILITY = YES_AGGRESSIVE;
				CLANG_WARN_UNREACHABLE_CODE = YES;
				CLANG_WARN__DUPLICATE_METHOD_MATCH = YES;
				COPY_PHASE_STRIP = NO;
				DEBUG_INFORMATION_FORMAT = "dwarf-with-dsym";
				ENABLE_NS_ASSERTIONS = NO;
				ENABLE_STRICT_OBJC_MSGSEND = YES;
				GCC_C_LANGUAGE_STANDARD = gnu11;
				GCC_NO_COMMON_BLOCKS = YES;
				GCC_WARN_64_TO_32_BIT_CONVERSION = YES;
				GCC_WARN_ABOUT_RETURN_TYPE = YES_ERROR;
				GCC_WARN_UNDECLARED_SELECTOR = YES;
				GCC_WARN_UNINITIALIZED_AUTOS = YES_AGGRESSIVE;
				GCC_WARN_UNUSED_FUNCTION = YES;
				GCC_WARN_UNUSED_VARIABLE = YES;
				IPHONEOS_DEPLOYMENT_TARGET = 14.0;
				MTL_ENABLE_DEBUG_INFO = NO;
				MTL_FAST_MATH = YES;
				SDKROOT = iphoneos;
				SWIFT_COMPILATION_MODE = wholemodule;
				SWIFT_OPTIMIZATION_LEVEL = "-O";
				VALIDATE_PRODUCT = YES;
			};
			name = Release;
		};
		11A706DF2543586800CDD254 /* Debug */ = {
			isa = XCBuildConfiguration;
			baseConfigurationReference = A394524A096174A2C3729984 /* Pods-Parstagram.debug.xcconfig */;
			buildSettings = {
				ASSETCATALOG_COMPILER_APPICON_NAME = AppIcon;
				ASSETCATALOG_COMPILER_GLOBAL_ACCENT_COLOR_NAME = AccentColor;
				CODE_SIGN_STYLE = Automatic;
				INFOPLIST_FILE = Parstagram/Info.plist;
				LD_RUNPATH_SEARCH_PATHS = (
					"$(inherited)",
					"@executable_path/Frameworks",
				);
				PRODUCT_BUNDLE_IDENTIFIER = mqure016.Parstagram;
				PRODUCT_NAME = "$(TARGET_NAME)";
				SWIFT_VERSION = 5.0;
				TARGETED_DEVICE_FAMILY = "1,2";
			};
			name = Debug;
		};
		11A706E02543586800CDD254 /* Release */ = {
			isa = XCBuildConfiguration;
			baseConfigurationReference = D24B6706314B9F1D21EAFA7D /* Pods-Parstagram.release.xcconfig */;
			buildSettings = {
				ASSETCATALOG_COMPILER_APPICON_NAME = AppIcon;
				ASSETCATALOG_COMPILER_GLOBAL_ACCENT_COLOR_NAME = AccentColor;
				CODE_SIGN_STYLE = Automatic;
				INFOPLIST_FILE = Parstagram/Info.plist;
				LD_RUNPATH_SEARCH_PATHS = (
					"$(inherited)",
					"@executable_path/Frameworks",
				);
				PRODUCT_BUNDLE_IDENTIFIER = mqure016.Parstagram;
				PRODUCT_NAME = "$(TARGET_NAME)";
				SWIFT_VERSION = 5.0;
				TARGETED_DEVICE_FAMILY = "1,2";
			};
			name = Release;
		};
		11A706E22543586800CDD254 /* Debug */ = {
			isa = XCBuildConfiguration;
			baseConfigurationReference = B263208D3E3B678971493584 /* Pods-ParstagramTests.debug.xcconfig */;
			buildSettings = {
				ALWAYS_EMBED_SWIFT_STANDARD_LIBRARIES = YES;
				BUNDLE_LOADER = "$(TEST_HOST)";
				CODE_SIGN_STYLE = Automatic;
				INFOPLIST_FILE = ParstagramTests/Info.plist;
				IPHONEOS_DEPLOYMENT_TARGET = 14.0;
				LD_RUNPATH_SEARCH_PATHS = (
					"$(inherited)",
					"@executable_path/Frameworks",
					"@loader_path/Frameworks",
				);
				PRODUCT_BUNDLE_IDENTIFIER = mqure016.ParstagramTests;
				PRODUCT_NAME = "$(TARGET_NAME)";
				SWIFT_VERSION = 5.0;
				TARGETED_DEVICE_FAMILY = "1,2";
				TEST_HOST = "$(BUILT_PRODUCTS_DIR)/Parstagram.app/Parstagram";
			};
			name = Debug;
		};
		11A706E32543586800CDD254 /* Release */ = {
			isa = XCBuildConfiguration;
			baseConfigurationReference = D2BA7AA345B6FBE33A181160 /* Pods-ParstagramTests.release.xcconfig */;
			buildSettings = {
				ALWAYS_EMBED_SWIFT_STANDARD_LIBRARIES = YES;
				BUNDLE_LOADER = "$(TEST_HOST)";
				CODE_SIGN_STYLE = Automatic;
				INFOPLIST_FILE = ParstagramTests/Info.plist;
				IPHONEOS_DEPLOYMENT_TARGET = 14.0;
				LD_RUNPATH_SEARCH_PATHS = (
					"$(inherited)",
					"@executable_path/Frameworks",
					"@loader_path/Frameworks",
				);
				PRODUCT_BUNDLE_IDENTIFIER = mqure016.ParstagramTests;
				PRODUCT_NAME = "$(TARGET_NAME)";
				SWIFT_VERSION = 5.0;
				TARGETED_DEVICE_FAMILY = "1,2";
				TEST_HOST = "$(BUILT_PRODUCTS_DIR)/Parstagram.app/Parstagram";
			};
			name = Release;
		};
		11A706E52543586800CDD254 /* Debug */ = {
			isa = XCBuildConfiguration;
			baseConfigurationReference = 8B1CDF7D0485DA1B349D0D8D /* Pods-Parstagram-ParstagramUITests.debug.xcconfig */;
			buildSettings = {
				ALWAYS_EMBED_SWIFT_STANDARD_LIBRARIES = YES;
				CODE_SIGN_STYLE = Automatic;
				INFOPLIST_FILE = ParstagramUITests/Info.plist;
				LD_RUNPATH_SEARCH_PATHS = (
					"$(inherited)",
					"@executable_path/Frameworks",
					"@loader_path/Frameworks",
				);
				PRODUCT_BUNDLE_IDENTIFIER = mqure016.ParstagramUITests;
				PRODUCT_NAME = "$(TARGET_NAME)";
				SWIFT_VERSION = 5.0;
				TARGETED_DEVICE_FAMILY = "1,2";
				TEST_TARGET_NAME = Parstagram;
			};
			name = Debug;
		};
		11A706E62543586800CDD254 /* Release */ = {
			isa = XCBuildConfiguration;
			baseConfigurationReference = 1478805069886897C25C0E65 /* Pods-Parstagram-ParstagramUITests.release.xcconfig */;
			buildSettings = {
				ALWAYS_EMBED_SWIFT_STANDARD_LIBRARIES = YES;
				CODE_SIGN_STYLE = Automatic;
				INFOPLIST_FILE = ParstagramUITests/Info.plist;
				LD_RUNPATH_SEARCH_PATHS = (
					"$(inherited)",
					"@executable_path/Frameworks",
					"@loader_path/Frameworks",
				);
				PRODUCT_BUNDLE_IDENTIFIER = mqure016.ParstagramUITests;
				PRODUCT_NAME = "$(TARGET_NAME)";
				SWIFT_VERSION = 5.0;
				TARGETED_DEVICE_FAMILY = "1,2";
				TEST_TARGET_NAME = Parstagram;
			};
			name = Release;
		};
/* End XCBuildConfiguration section */

/* Begin XCConfigurationList section */
		11A706AF2543586700CDD254 /* Build configuration list for PBXProject "Parstagram" */ = {
			isa = XCConfigurationList;
			buildConfigurations = (
				11A706DC2543586800CDD254 /* Debug */,
				11A706DD2543586800CDD254 /* Release */,
			);
			defaultConfigurationIsVisible = 0;
			defaultConfigurationName = Release;
		};
		11A706DE2543586800CDD254 /* Build configuration list for PBXNativeTarget "Parstagram" */ = {
			isa = XCConfigurationList;
			buildConfigurations = (
				11A706DF2543586800CDD254 /* Debug */,
				11A706E02543586800CDD254 /* Release */,
			);
			defaultConfigurationIsVisible = 0;
			defaultConfigurationName = Release;
		};
		11A706E12543586800CDD254 /* Build configuration list for PBXNativeTarget "ParstagramTests" */ = {
			isa = XCConfigurationList;
			buildConfigurations = (
				11A706E22543586800CDD254 /* Debug */,
				11A706E32543586800CDD254 /* Release */,
			);
			defaultConfigurationIsVisible = 0;
			defaultConfigurationName = Release;
		};
		11A706E42543586800CDD254 /* Build configuration list for PBXNativeTarget "ParstagramUITests" */ = {
			isa = XCConfigurationList;
			buildConfigurations = (
				11A706E52543586800CDD254 /* Debug */,
				11A706E62543586800CDD254 /* Release */,
			);
			defaultConfigurationIsVisible = 0;
			defaultConfigurationName = Release;
		};
/* End XCConfigurationList section */
	};
	rootObject = 11A706AC2543586700CDD254 /* Project object */;
}
